// !$*UTF8*$!
{
	archiveVersion = 1;
	classes = {
	};
	objectVersion = 54;
	objects = {

/* Begin PBXBuildFile section */
		00E356F31AD99517003FC87E /* BreakingBad5DTests.m in Sources */ = {isa = PBXBuildFile; fileRef = 00E356F21AD99517003FC87E /* BreakingBad5DTests.m */; };
		13B07FBC1A68108700A75B9A /* AppDelegate.m in Sources */ = {isa = PBXBuildFile; fileRef = 13B07FB01A68108700A75B9A /* AppDelegate.m */; };
		13B07FBF1A68108700A75B9A /* Images.xcassets in Resources */ = {isa = PBXBuildFile; fileRef = 13B07FB51A68108700A75B9A /* Images.xcassets */; };
		13B07FC11A68108700A75B9A /* main.m in Sources */ = {isa = PBXBuildFile; fileRef = 13B07FB71A68108700A75B9A /* main.m */; };
		81AB9BB82411601600AC10FF /* LaunchScreen.storyboard in Resources */ = {isa = PBXBuildFile; fileRef = 81AB9BB72411601600AC10FF /* LaunchScreen.storyboard */; };
		5AFA814F82444FE9BF0767B6 /* AntDesign.ttf in Resources */ = {isa = PBXBuildFile; fileRef = A85F03A5FBAD455D8C766929 /* AntDesign.ttf */; };
		FF887E83ECC84365A5693B9E /* Entypo.ttf in Resources */ = {isa = PBXBuildFile; fileRef = 1CF7539C943F40D2910F9EE2 /* Entypo.ttf */; };
		A1E2419B8363487CA2FB44A2 /* EvilIcons.ttf in Resources */ = {isa = PBXBuildFile; fileRef = C546669C40D24B02B3F88C53 /* EvilIcons.ttf */; };
		4C5DBF54A30C4E1FBDF4DF7C /* Feather.ttf in Resources */ = {isa = PBXBuildFile; fileRef = 345D681A16484FF0B42370E3 /* Feather.ttf */; };
		FDBA91D3AAC941CB8B174F42 /* FontAwesome.ttf in Resources */ = {isa = PBXBuildFile; fileRef = 4401A9DD284D42D892A92C18 /* FontAwesome.ttf */; };
		89E3CDB9F2E34937A73ABA6F /* FontAwesome5_Brands.ttf in Resources */ = {isa = PBXBuildFile; fileRef = B4A8F58865B14E4792AC82A1 /* FontAwesome5_Brands.ttf */; };
		7E2F3FBE0F344616A6F045A6 /* FontAwesome5_Regular.ttf in Resources */ = {isa = PBXBuildFile; fileRef = 90178249C55A4FEEAB3BB5CE /* FontAwesome5_Regular.ttf */; };
		C5C3AA63BACA4325ACDB69D3 /* FontAwesome5_Solid.ttf in Resources */ = {isa = PBXBuildFile; fileRef = 7F63EEA32BB240C7BAD44117 /* FontAwesome5_Solid.ttf */; };
		0453349CEC5C492F84890CF3 /* Fontisto.ttf in Resources */ = {isa = PBXBuildFile; fileRef = 85B72ACE4BBB4826A89D64D0 /* Fontisto.ttf */; };
		1C43E16B287247DF9319AC5D /* Foundation.ttf in Resources */ = {isa = PBXBuildFile; fileRef = B6C77850D7234DD2AA61B48F /* Foundation.ttf */; };
		BEF1C02E8B4C45E888C3FE0B /* Ionicons.ttf in Resources */ = {isa = PBXBuildFile; fileRef = E47A94FC382045FA914EA81A /* Ionicons.ttf */; };
		D8C35595439340448861BB6C /* MaterialCommunityIcons.ttf in Resources */ = {isa = PBXBuildFile; fileRef = 8914498DDEE140AE9070C6D4 /* MaterialCommunityIcons.ttf */; };
		12CD222A95214F5D94DCA014 /* MaterialIcons.ttf in Resources */ = {isa = PBXBuildFile; fileRef = 1283F12D104C4BE7AD9A38F6 /* MaterialIcons.ttf */; };
		F9741A8B0D6F48CC869C58F4 /* Octicons.ttf in Resources */ = {isa = PBXBuildFile; fileRef = F0014DB548D64485B34C754C /* Octicons.ttf */; };
		2B55B5269BAA41359FB1B52A /* SimpleLineIcons.ttf in Resources */ = {isa = PBXBuildFile; fileRef = 1C1093D280B9422B8E8C5268 /* SimpleLineIcons.ttf */; };
		313E01F9BD224D2E8F80273F /* Zocial.ttf in Resources */ = {isa = PBXBuildFile; fileRef = CFD261FED1624F84AD9F8B04 /* Zocial.ttf */; };
		1321DDD56C6145DD949EB2DC /* Nunito-Bold.ttf in Resources */ = {isa = PBXBuildFile; fileRef = 0BC968A5DBD74CF2869BF584 /* Nunito-Bold.ttf */; };
		2CD41ED8D1234FB491807B15 /* Nunito-Light.ttf in Resources */ = {isa = PBXBuildFile; fileRef = F24CE64939C24A109CD62B6C /* Nunito-Light.ttf */; };
		B0288E96FE0340299D3134C7 /* Nunito-Regular.ttf in Resources */ = {isa = PBXBuildFile; fileRef = 7451F7A0CDA04019B2D3076B /* Nunito-Regular.ttf */; };
		109779EE56BC4C869D0FF6B0 /* Nunito-SemiBold.ttf in Resources */ = {isa = PBXBuildFile; fileRef = 3E7B4F71056540BC832593E7 /* Nunito-SemiBold.ttf */; };
		526F8DB98D69407F93ABD1A7 /* NunitoSans-Bold.ttf in Resources */ = {isa = PBXBuildFile; fileRef = B4CDD14DCBE1409DA4E9A8CB /* NunitoSans-Bold.ttf */; };
		2831E65A79BF4C9BBE4FD94A /* NunitoSans-Light.ttf in Resources */ = {isa = PBXBuildFile; fileRef = 278750BDAF83403E8E168B05 /* NunitoSans-Light.ttf */; };
		8D62584BBD754EF7B20FB0FB /* NunitoSans-Regular.ttf in Resources */ = {isa = PBXBuildFile; fileRef = CD3C4B270D9846A3A929420F /* NunitoSans-Regular.ttf */; };
		7FB2AD0BC078408997F7BA80 /* NunitoSans-SemiBold.ttf in Resources */ = {isa = PBXBuildFile; fileRef = 01827E07E5074998B8F3FE94 /* NunitoSans-SemiBold.ttf */; };
		2572F10689D940DDB1BE105B /* Roboto-Black.ttf in Resources */ = {isa = PBXBuildFile; fileRef = A94FBBF2974F495FB55C7BCF /* Roboto-Black.ttf */; };
		E6865519A6BE4082AF474540 /* Roboto-BlackItalic.ttf in Resources */ = {isa = PBXBuildFile; fileRef = A264A8432FD94B369B492043 /* Roboto-BlackItalic.ttf */; };
		8571509B2F144234A47B9C52 /* Roboto-Bold.ttf in Resources */ = {isa = PBXBuildFile; fileRef = 7294D4AFB43C419581E13B0D /* Roboto-Bold.ttf */; };
		8B33FA24A03447F2BE62CF6E /* Roboto-BoldItalic.ttf in Resources */ = {isa = PBXBuildFile; fileRef = 23C75E1FA98646589FC97B1B /* Roboto-BoldItalic.ttf */; };
		470C2872A60A41C0A2AFBDFB /* Roboto-Italic.ttf in Resources */ = {isa = PBXBuildFile; fileRef = 8929E52D61464BF995FA3C88 /* Roboto-Italic.ttf */; };
		7E7EC1718EFC4B35BB8087A8 /* Roboto-Light.ttf in Resources */ = {isa = PBXBuildFile; fileRef = 36BE8A70774F41D6AB4AE1D6 /* Roboto-Light.ttf */; };
		4C5367C7B15E4BC4BB7F8ABB /* Roboto-LightItalic.ttf in Resources */ = {isa = PBXBuildFile; fileRef = CAF99CFD181D44A883BBCE06 /* Roboto-LightItalic.ttf */; };
		DC7D6FF07DA7465BA254DE35 /* Roboto-Medium.ttf in Resources */ = {isa = PBXBuildFile; fileRef = 024B0B3DAC9F4DE898D4C166 /* Roboto-Medium.ttf */; };
		C383DD43F8424B3DBA35B9FB /* Roboto-MediumItalic.ttf in Resources */ = {isa = PBXBuildFile; fileRef = AC472AFC76774230A4524D69 /* Roboto-MediumItalic.ttf */; };
		1AA8D73FEBDA4C5299A3A2A0 /* Roboto-Regular.ttf in Resources */ = {isa = PBXBuildFile; fileRef = 73AFB80D1602416789980B44 /* Roboto-Regular.ttf */; };
		9D81348A22624B76B977B5AD /* Roboto-Thin.ttf in Resources */ = {isa = PBXBuildFile; fileRef = A4CF7C8259E44D46877FB803 /* Roboto-Thin.ttf */; };
		5658D8C6ADE7401C9D45CE53 /* Roboto-ThinItalic.ttf in Resources */ = {isa = PBXBuildFile; fileRef = E320CE2B77C3450299E8133D /* Roboto-ThinItalic.ttf */; };
/* End PBXBuildFile section */

/* Begin PBXContainerItemProxy section */
		00E356F41AD99517003FC87E /* PBXContainerItemProxy */ = {
			isa = PBXContainerItemProxy;
			containerPortal = 83CBB9F71A601CBA00E9B192 /* Project object */;
			proxyType = 1;
			remoteGlobalIDString = 13B07F861A680F5B00A75B9A;
			remoteInfo = BreakingBad5D;
		};
/* End PBXContainerItemProxy section */

/* Begin PBXFileReference section */
		00E356EE1AD99517003FC87E /* BreakingBad5DTests.xctest */ = {isa = PBXFileReference; explicitFileType = wrapper.cfbundle; includeInIndex = 0; path = BreakingBad5DTests.xctest; sourceTree = BUILT_PRODUCTS_DIR; };
		00E356F11AD99517003FC87E /* Info.plist */ = {isa = PBXFileReference; lastKnownFileType = text.plist.xml; path = Info.plist; sourceTree = "<group>"; };
		00E356F21AD99517003FC87E /* BreakingBad5DTests.m */ = {isa = PBXFileReference; lastKnownFileType = sourcecode.c.objc; path = BreakingBad5DTests.m; sourceTree = "<group>"; };
		13B07F961A680F5B00A75B9A /* BreakingBad5D.app */ = {isa = PBXFileReference; explicitFileType = wrapper.application; includeInIndex = 0; path = BreakingBad5D.app; sourceTree = BUILT_PRODUCTS_DIR; };
		13B07FAF1A68108700A75B9A /* AppDelegate.h */ = {isa = PBXFileReference; fileEncoding = 4; lastKnownFileType = sourcecode.c.h; name = AppDelegate.h; path = BreakingBad5D/AppDelegate.h; sourceTree = "<group>"; };
		13B07FB01A68108700A75B9A /* AppDelegate.m */ = {isa = PBXFileReference; fileEncoding = 4; lastKnownFileType = sourcecode.c.objc; name = AppDelegate.m; path = BreakingBad5D/AppDelegate.m; sourceTree = "<group>"; };
		13B07FB51A68108700A75B9A /* Images.xcassets */ = {isa = PBXFileReference; lastKnownFileType = folder.assetcatalog; name = Images.xcassets; path = BreakingBad5D/Images.xcassets; sourceTree = "<group>"; };
		13B07FB61A68108700A75B9A /* Info.plist */ = {isa = PBXFileReference; fileEncoding = 4; lastKnownFileType = text.plist.xml; name = Info.plist; path = BreakingBad5D/Info.plist; sourceTree = "<group>"; };
		13B07FB71A68108700A75B9A /* main.m */ = {isa = PBXFileReference; fileEncoding = 4; lastKnownFileType = sourcecode.c.objc; name = main.m; path = BreakingBad5D/main.m; sourceTree = "<group>"; };
		81AB9BB72411601600AC10FF /* LaunchScreen.storyboard */ = {isa = PBXFileReference; fileEncoding = 4; lastKnownFileType = file.storyboard; name = LaunchScreen.storyboard; path = BreakingBad5D/LaunchScreen.storyboard; sourceTree = "<group>"; };
		ED297162215061F000B7C4FE /* JavaScriptCore.framework */ = {isa = PBXFileReference; lastKnownFileType = wrapper.framework; name = JavaScriptCore.framework; path = System/Library/Frameworks/JavaScriptCore.framework; sourceTree = SDKROOT; };
		A85F03A5FBAD455D8C766929 /* AntDesign.ttf */ = {isa = PBXFileReference; name = "AntDesign.ttf"; path = "../node_modules/react-native-vector-icons/Fonts/AntDesign.ttf"; sourceTree = "<group>"; fileEncoding = undefined; lastKnownFileType = unknown; explicitFileType = undefined; includeInIndex = 0; };
		1CF7539C943F40D2910F9EE2 /* Entypo.ttf */ = {isa = PBXFileReference; name = "Entypo.ttf"; path = "../node_modules/react-native-vector-icons/Fonts/Entypo.ttf"; sourceTree = "<group>"; fileEncoding = undefined; lastKnownFileType = unknown; explicitFileType = undefined; includeInIndex = 0; };
		C546669C40D24B02B3F88C53 /* EvilIcons.ttf */ = {isa = PBXFileReference; name = "EvilIcons.ttf"; path = "../node_modules/react-native-vector-icons/Fonts/EvilIcons.ttf"; sourceTree = "<group>"; fileEncoding = undefined; lastKnownFileType = unknown; explicitFileType = undefined; includeInIndex = 0; };
		345D681A16484FF0B42370E3 /* Feather.ttf */ = {isa = PBXFileReference; name = "Feather.ttf"; path = "../node_modules/react-native-vector-icons/Fonts/Feather.ttf"; sourceTree = "<group>"; fileEncoding = undefined; lastKnownFileType = unknown; explicitFileType = undefined; includeInIndex = 0; };
		4401A9DD284D42D892A92C18 /* FontAwesome.ttf */ = {isa = PBXFileReference; name = "FontAwesome.ttf"; path = "../node_modules/react-native-vector-icons/Fonts/FontAwesome.ttf"; sourceTree = "<group>"; fileEncoding = undefined; lastKnownFileType = unknown; explicitFileType = undefined; includeInIndex = 0; };
		B4A8F58865B14E4792AC82A1 /* FontAwesome5_Brands.ttf */ = {isa = PBXFileReference; name = "FontAwesome5_Brands.ttf"; path = "../node_modules/react-native-vector-icons/Fonts/FontAwesome5_Brands.ttf"; sourceTree = "<group>"; fileEncoding = undefined; lastKnownFileType = unknown; explicitFileType = undefined; includeInIndex = 0; };
		90178249C55A4FEEAB3BB5CE /* FontAwesome5_Regular.ttf */ = {isa = PBXFileReference; name = "FontAwesome5_Regular.ttf"; path = "../node_modules/react-native-vector-icons/Fonts/FontAwesome5_Regular.ttf"; sourceTree = "<group>"; fileEncoding = undefined; lastKnownFileType = unknown; explicitFileType = undefined; includeInIndex = 0; };
		7F63EEA32BB240C7BAD44117 /* FontAwesome5_Solid.ttf */ = {isa = PBXFileReference; name = "FontAwesome5_Solid.ttf"; path = "../node_modules/react-native-vector-icons/Fonts/FontAwesome5_Solid.ttf"; sourceTree = "<group>"; fileEncoding = undefined; lastKnownFileType = unknown; explicitFileType = undefined; includeInIndex = 0; };
		85B72ACE4BBB4826A89D64D0 /* Fontisto.ttf */ = {isa = PBXFileReference; name = "Fontisto.ttf"; path = "../node_modules/react-native-vector-icons/Fonts/Fontisto.ttf"; sourceTree = "<group>"; fileEncoding = undefined; lastKnownFileType = unknown; explicitFileType = undefined; includeInIndex = 0; };
		B6C77850D7234DD2AA61B48F /* Foundation.ttf */ = {isa = PBXFileReference; name = "Foundation.ttf"; path = "../node_modules/react-native-vector-icons/Fonts/Foundation.ttf"; sourceTree = "<group>"; fileEncoding = undefined; lastKnownFileType = unknown; explicitFileType = undefined; includeInIndex = 0; };
		E47A94FC382045FA914EA81A /* Ionicons.ttf */ = {isa = PBXFileReference; name = "Ionicons.ttf"; path = "../node_modules/react-native-vector-icons/Fonts/Ionicons.ttf"; sourceTree = "<group>"; fileEncoding = undefined; lastKnownFileType = unknown; explicitFileType = undefined; includeInIndex = 0; };
		8914498DDEE140AE9070C6D4 /* MaterialCommunityIcons.ttf */ = {isa = PBXFileReference; name = "MaterialCommunityIcons.ttf"; path = "../node_modules/react-native-vector-icons/Fonts/MaterialCommunityIcons.ttf"; sourceTree = "<group>"; fileEncoding = undefined; lastKnownFileType = unknown; explicitFileType = undefined; includeInIndex = 0; };
		1283F12D104C4BE7AD9A38F6 /* MaterialIcons.ttf */ = {isa = PBXFileReference; name = "MaterialIcons.ttf"; path = "../node_modules/react-native-vector-icons/Fonts/MaterialIcons.ttf"; sourceTree = "<group>"; fileEncoding = undefined; lastKnownFileType = unknown; explicitFileType = undefined; includeInIndex = 0; };
		F0014DB548D64485B34C754C /* Octicons.ttf */ = {isa = PBXFileReference; name = "Octicons.ttf"; path = "../node_modules/react-native-vector-icons/Fonts/Octicons.ttf"; sourceTree = "<group>"; fileEncoding = undefined; lastKnownFileType = unknown; explicitFileType = undefined; includeInIndex = 0; };
		1C1093D280B9422B8E8C5268 /* SimpleLineIcons.ttf */ = {isa = PBXFileReference; name = "SimpleLineIcons.ttf"; path = "../node_modules/react-native-vector-icons/Fonts/SimpleLineIcons.ttf"; sourceTree = "<group>"; fileEncoding = undefined; lastKnownFileType = unknown; explicitFileType = undefined; includeInIndex = 0; };
		CFD261FED1624F84AD9F8B04 /* Zocial.ttf */ = {isa = PBXFileReference; name = "Zocial.ttf"; path = "../node_modules/react-native-vector-icons/Fonts/Zocial.ttf"; sourceTree = "<group>"; fileEncoding = undefined; lastKnownFileType = unknown; explicitFileType = undefined; includeInIndex = 0; };
		0BC968A5DBD74CF2869BF584 /* Nunito-Bold.ttf */ = {isa = PBXFileReference; name = "Nunito-Bold.ttf"; path = "../src/shared/assets/fonts/Nunito-Bold.ttf"; sourceTree = "<group>"; fileEncoding = undefined; lastKnownFileType = unknown; explicitFileType = undefined; includeInIndex = 0; };
		F24CE64939C24A109CD62B6C /* Nunito-Light.ttf */ = {isa = PBXFileReference; name = "Nunito-Light.ttf"; path = "../src/shared/assets/fonts/Nunito-Light.ttf"; sourceTree = "<group>"; fileEncoding = undefined; lastKnownFileType = unknown; explicitFileType = undefined; includeInIndex = 0; };
		7451F7A0CDA04019B2D3076B /* Nunito-Regular.ttf */ = {isa = PBXFileReference; name = "Nunito-Regular.ttf"; path = "../src/shared/assets/fonts/Nunito-Regular.ttf"; sourceTree = "<group>"; fileEncoding = undefined; lastKnownFileType = unknown; explicitFileType = undefined; includeInIndex = 0; };
		3E7B4F71056540BC832593E7 /* Nunito-SemiBold.ttf */ = {isa = PBXFileReference; name = "Nunito-SemiBold.ttf"; path = "../src/shared/assets/fonts/Nunito-SemiBold.ttf"; sourceTree = "<group>"; fileEncoding = undefined; lastKnownFileType = unknown; explicitFileType = undefined; includeInIndex = 0; };
		B4CDD14DCBE1409DA4E9A8CB /* NunitoSans-Bold.ttf */ = {isa = PBXFileReference; name = "NunitoSans-Bold.ttf"; path = "../src/shared/assets/fonts/NunitoSans-Bold.ttf"; sourceTree = "<group>"; fileEncoding = undefined; lastKnownFileType = unknown; explicitFileType = undefined; includeInIndex = 0; };
		278750BDAF83403E8E168B05 /* NunitoSans-Light.ttf */ = {isa = PBXFileReference; name = "NunitoSans-Light.ttf"; path = "../src/shared/assets/fonts/NunitoSans-Light.ttf"; sourceTree = "<group>"; fileEncoding = undefined; lastKnownFileType = unknown; explicitFileType = undefined; includeInIndex = 0; };
		CD3C4B270D9846A3A929420F /* NunitoSans-Regular.ttf */ = {isa = PBXFileReference; name = "NunitoSans-Regular.ttf"; path = "../src/shared/assets/fonts/NunitoSans-Regular.ttf"; sourceTree = "<group>"; fileEncoding = undefined; lastKnownFileType = unknown; explicitFileType = undefined; includeInIndex = 0; };
		01827E07E5074998B8F3FE94 /* NunitoSans-SemiBold.ttf */ = {isa = PBXFileReference; name = "NunitoSans-SemiBold.ttf"; path = "../src/shared/assets/fonts/NunitoSans-SemiBold.ttf"; sourceTree = "<group>"; fileEncoding = undefined; lastKnownFileType = unknown; explicitFileType = undefined; includeInIndex = 0; };
		A94FBBF2974F495FB55C7BCF /* Roboto-Black.ttf */ = {isa = PBXFileReference; name = "Roboto-Black.ttf"; path = "../src/shared/assets/fonts/Roboto-Black.ttf"; sourceTree = "<group>"; fileEncoding = undefined; lastKnownFileType = unknown; explicitFileType = undefined; includeInIndex = 0; };
		A264A8432FD94B369B492043 /* Roboto-BlackItalic.ttf */ = {isa = PBXFileReference; name = "Roboto-BlackItalic.ttf"; path = "../src/shared/assets/fonts/Roboto-BlackItalic.ttf"; sourceTree = "<group>"; fileEncoding = undefined; lastKnownFileType = unknown; explicitFileType = undefined; includeInIndex = 0; };
		7294D4AFB43C419581E13B0D /* Roboto-Bold.ttf */ = {isa = PBXFileReference; name = "Roboto-Bold.ttf"; path = "../src/shared/assets/fonts/Roboto-Bold.ttf"; sourceTree = "<group>"; fileEncoding = undefined; lastKnownFileType = unknown; explicitFileType = undefined; includeInIndex = 0; };
		23C75E1FA98646589FC97B1B /* Roboto-BoldItalic.ttf */ = {isa = PBXFileReference; name = "Roboto-BoldItalic.ttf"; path = "../src/shared/assets/fonts/Roboto-BoldItalic.ttf"; sourceTree = "<group>"; fileEncoding = undefined; lastKnownFileType = unknown; explicitFileType = undefined; includeInIndex = 0; };
		8929E52D61464BF995FA3C88 /* Roboto-Italic.ttf */ = {isa = PBXFileReference; name = "Roboto-Italic.ttf"; path = "../src/shared/assets/fonts/Roboto-Italic.ttf"; sourceTree = "<group>"; fileEncoding = undefined; lastKnownFileType = unknown; explicitFileType = undefined; includeInIndex = 0; };
		36BE8A70774F41D6AB4AE1D6 /* Roboto-Light.ttf */ = {isa = PBXFileReference; name = "Roboto-Light.ttf"; path = "../src/shared/assets/fonts/Roboto-Light.ttf"; sourceTree = "<group>"; fileEncoding = undefined; lastKnownFileType = unknown; explicitFileType = undefined; includeInIndex = 0; };
		CAF99CFD181D44A883BBCE06 /* Roboto-LightItalic.ttf */ = {isa = PBXFileReference; name = "Roboto-LightItalic.ttf"; path = "../src/shared/assets/fonts/Roboto-LightItalic.ttf"; sourceTree = "<group>"; fileEncoding = undefined; lastKnownFileType = unknown; explicitFileType = undefined; includeInIndex = 0; };
		024B0B3DAC9F4DE898D4C166 /* Roboto-Medium.ttf */ = {isa = PBXFileReference; name = "Roboto-Medium.ttf"; path = "../src/shared/assets/fonts/Roboto-Medium.ttf"; sourceTree = "<group>"; fileEncoding = undefined; lastKnownFileType = unknown; explicitFileType = undefined; includeInIndex = 0; };
		AC472AFC76774230A4524D69 /* Roboto-MediumItalic.ttf */ = {isa = PBXFileReference; name = "Roboto-MediumItalic.ttf"; path = "../src/shared/assets/fonts/Roboto-MediumItalic.ttf"; sourceTree = "<group>"; fileEncoding = undefined; lastKnownFileType = unknown; explicitFileType = undefined; includeInIndex = 0; };
		73AFB80D1602416789980B44 /* Roboto-Regular.ttf */ = {isa = PBXFileReference; name = "Roboto-Regular.ttf"; path = "../src/shared/assets/fonts/Roboto-Regular.ttf"; sourceTree = "<group>"; fileEncoding = undefined; lastKnownFileType = unknown; explicitFileType = undefined; includeInIndex = 0; };
		A4CF7C8259E44D46877FB803 /* Roboto-Thin.ttf */ = {isa = PBXFileReference; name = "Roboto-Thin.ttf"; path = "../src/shared/assets/fonts/Roboto-Thin.ttf"; sourceTree = "<group>"; fileEncoding = undefined; lastKnownFileType = unknown; explicitFileType = undefined; includeInIndex = 0; };
		E320CE2B77C3450299E8133D /* Roboto-ThinItalic.ttf */ = {isa = PBXFileReference; name = "Roboto-ThinItalic.ttf"; path = "../src/shared/assets/fonts/Roboto-ThinItalic.ttf"; sourceTree = "<group>"; fileEncoding = undefined; lastKnownFileType = unknown; explicitFileType = undefined; includeInIndex = 0; };
/* End PBXFileReference section */

/* Begin PBXFrameworksBuildPhase section */
		00E356EB1AD99517003FC87E /* Frameworks */ = {
			isa = PBXFrameworksBuildPhase;
			buildActionMask = 2147483647;
			files = (
			);
			runOnlyForDeploymentPostprocessing = 0;
		};
		13B07F8C1A680F5B00A75B9A /* Frameworks */ = {
			isa = PBXFrameworksBuildPhase;
			buildActionMask = 2147483647;
			files = (
			);
			runOnlyForDeploymentPostprocessing = 0;
		};
/* End PBXFrameworksBuildPhase section */

/* Begin PBXGroup section */
		00E356EF1AD99517003FC87E /* BreakingBad5DTests */ = {
			isa = PBXGroup;
			children = (
				00E356F21AD99517003FC87E /* BreakingBad5DTests.m */,
				00E356F01AD99517003FC87E /* Supporting Files */,
			);
			path = BreakingBad5DTests;
			sourceTree = "<group>";
		};
		00E356F01AD99517003FC87E /* Supporting Files */ = {
			isa = PBXGroup;
			children = (
				00E356F11AD99517003FC87E /* Info.plist */,
			);
			name = "Supporting Files";
			sourceTree = "<group>";
		};
		13B07FAE1A68108700A75B9A /* BreakingBad5D */ = {
			isa = PBXGroup;
			children = (
				13B07FAF1A68108700A75B9A /* AppDelegate.h */,
				13B07FB01A68108700A75B9A /* AppDelegate.m */,
				13B07FB51A68108700A75B9A /* Images.xcassets */,
				13B07FB61A68108700A75B9A /* Info.plist */,
				81AB9BB72411601600AC10FF /* LaunchScreen.storyboard */,
				13B07FB71A68108700A75B9A /* main.m */,
			);
			name = BreakingBad5D;
			sourceTree = "<group>";
		};
		2D16E6871FA4F8E400B85C8A /* Frameworks */ = {
			isa = PBXGroup;
			children = (
				ED297162215061F000B7C4FE /* JavaScriptCore.framework */,
			);
			name = Frameworks;
			sourceTree = "<group>";
		};
		832341AE1AAA6A7D00B99B32 /* Libraries */ = {
			isa = PBXGroup;
			children = (
			);
			name = Libraries;
			sourceTree = "<group>";
		};
		83CBB9F61A601CBA00E9B192 = {
			isa = PBXGroup;
			children = (
				13B07FAE1A68108700A75B9A /* BreakingBad5D */,
				832341AE1AAA6A7D00B99B32 /* Libraries */,
				00E356EF1AD99517003FC87E /* BreakingBad5DTests */,
				83CBBA001A601CBA00E9B192 /* Products */,
				2D16E6871FA4F8E400B85C8A /* Frameworks */,
				7A2A1BF4E4C1420FA0A5FD11 /* Resources */,
			);
			indentWidth = 2;
			sourceTree = "<group>";
			tabWidth = 2;
			usesTabs = 0;
		};
		83CBBA001A601CBA00E9B192 /* Products */ = {
			isa = PBXGroup;
			children = (
				13B07F961A680F5B00A75B9A /* BreakingBad5D.app */,
				00E356EE1AD99517003FC87E /* BreakingBad5DTests.xctest */,
			);
			name = Products;
			sourceTree = "<group>";
		};
		7A2A1BF4E4C1420FA0A5FD11 /* Resources */ = {
			isa = "PBXGroup";
			children = (
				A85F03A5FBAD455D8C766929 /* AntDesign.ttf */,
				1CF7539C943F40D2910F9EE2 /* Entypo.ttf */,
				C546669C40D24B02B3F88C53 /* EvilIcons.ttf */,
				345D681A16484FF0B42370E3 /* Feather.ttf */,
				4401A9DD284D42D892A92C18 /* FontAwesome.ttf */,
				B4A8F58865B14E4792AC82A1 /* FontAwesome5_Brands.ttf */,
				90178249C55A4FEEAB3BB5CE /* FontAwesome5_Regular.ttf */,
				7F63EEA32BB240C7BAD44117 /* FontAwesome5_Solid.ttf */,
				85B72ACE4BBB4826A89D64D0 /* Fontisto.ttf */,
				B6C77850D7234DD2AA61B48F /* Foundation.ttf */,
				E47A94FC382045FA914EA81A /* Ionicons.ttf */,
				8914498DDEE140AE9070C6D4 /* MaterialCommunityIcons.ttf */,
				1283F12D104C4BE7AD9A38F6 /* MaterialIcons.ttf */,
				F0014DB548D64485B34C754C /* Octicons.ttf */,
				1C1093D280B9422B8E8C5268 /* SimpleLineIcons.ttf */,
				CFD261FED1624F84AD9F8B04 /* Zocial.ttf */,
				0BC968A5DBD74CF2869BF584 /* Nunito-Bold.ttf */,
				F24CE64939C24A109CD62B6C /* Nunito-Light.ttf */,
				7451F7A0CDA04019B2D3076B /* Nunito-Regular.ttf */,
				3E7B4F71056540BC832593E7 /* Nunito-SemiBold.ttf */,
				B4CDD14DCBE1409DA4E9A8CB /* NunitoSans-Bold.ttf */,
				278750BDAF83403E8E168B05 /* NunitoSans-Light.ttf */,
				CD3C4B270D9846A3A929420F /* NunitoSans-Regular.ttf */,
				01827E07E5074998B8F3FE94 /* NunitoSans-SemiBold.ttf */,
				A94FBBF2974F495FB55C7BCF /* Roboto-Black.ttf */,
				A264A8432FD94B369B492043 /* Roboto-BlackItalic.ttf */,
				7294D4AFB43C419581E13B0D /* Roboto-Bold.ttf */,
				23C75E1FA98646589FC97B1B /* Roboto-BoldItalic.ttf */,
				8929E52D61464BF995FA3C88 /* Roboto-Italic.ttf */,
				36BE8A70774F41D6AB4AE1D6 /* Roboto-Light.ttf */,
				CAF99CFD181D44A883BBCE06 /* Roboto-LightItalic.ttf */,
				024B0B3DAC9F4DE898D4C166 /* Roboto-Medium.ttf */,
				AC472AFC76774230A4524D69 /* Roboto-MediumItalic.ttf */,
				73AFB80D1602416789980B44 /* Roboto-Regular.ttf */,
				A4CF7C8259E44D46877FB803 /* Roboto-Thin.ttf */,
				E320CE2B77C3450299E8133D /* Roboto-ThinItalic.ttf */,
			);
			name = Resources;
			sourceTree = "<group>";
			path = "";
		};
/* End PBXGroup section */

/* Begin PBXNativeTarget section */
		00E356ED1AD99517003FC87E /* BreakingBad5DTests */ = {
			isa = PBXNativeTarget;
			buildConfigurationList = 00E357021AD99517003FC87E /* Build configuration list for PBXNativeTarget "BreakingBad5DTests" */;
			buildPhases = (
				00E356EA1AD99517003FC87E /* Sources */,
				00E356EB1AD99517003FC87E /* Frameworks */,
				00E356EC1AD99517003FC87E /* Resources */,
			);
			buildRules = (
			);
			dependencies = (
				00E356F51AD99517003FC87E /* PBXTargetDependency */,
			);
			name = BreakingBad5DTests;
			productName = BreakingBad5DTests;
			productReference = 00E356EE1AD99517003FC87E /* BreakingBad5DTests.xctest */;
			productType = "com.apple.product-type.bundle.unit-test";
		};
		13B07F861A680F5B00A75B9A /* BreakingBad5D */ = {
			isa = PBXNativeTarget;
			buildConfigurationList = 13B07F931A680F5B00A75B9A /* Build configuration list for PBXNativeTarget "BreakingBad5D" */;
			buildPhases = (
				FD10A7F022414F080027D42C /* Start Packager */,
				13B07F871A680F5B00A75B9A /* Sources */,
				13B07F8C1A680F5B00A75B9A /* Frameworks */,
				13B07F8E1A680F5B00A75B9A /* Resources */,
				00DD1BFF1BD5951E006B06BC /* Bundle React Native code and images */,
			);
			buildRules = (
			);
			dependencies = (
			);
			name = BreakingBad5D;
			productName = BreakingBad5D;
			productReference = 13B07F961A680F5B00A75B9A /* BreakingBad5D.app */;
			productType = "com.apple.product-type.application";
		};
/* End PBXNativeTarget section */

/* Begin PBXProject section */
		83CBB9F71A601CBA00E9B192 /* Project object */ = {
			isa = PBXProject;
			attributes = {
				LastUpgradeCheck = 1210;
				TargetAttributes = {
					00E356ED1AD99517003FC87E = {
						CreatedOnToolsVersion = 6.2;
						TestTargetID = 13B07F861A680F5B00A75B9A;
					};
					13B07F861A680F5B00A75B9A = {
						LastSwiftMigration = 1120;
					};
				};
			};
			buildConfigurationList = 83CBB9FA1A601CBA00E9B192 /* Build configuration list for PBXProject "BreakingBad5D" */;
			compatibilityVersion = "Xcode 12.0";
			developmentRegion = en;
			hasScannedForEncodings = 0;
			knownRegions = (
				en,
				Base,
			);
			mainGroup = 83CBB9F61A601CBA00E9B192;
			productRefGroup = 83CBBA001A601CBA00E9B192 /* Products */;
			projectDirPath = "";
			projectRoot = "";
			targets = (
				13B07F861A680F5B00A75B9A /* BreakingBad5D */,
				00E356ED1AD99517003FC87E /* BreakingBad5DTests */,
			);
		};
/* End PBXProject section */

/* Begin PBXResourcesBuildPhase section */
		00E356EC1AD99517003FC87E /* Resources */ = {
			isa = PBXResourcesBuildPhase;
			buildActionMask = 2147483647;
			files = (
			);
			runOnlyForDeploymentPostprocessing = 0;
		};
		13B07F8E1A680F5B00A75B9A /* Resources */ = {
			isa = PBXResourcesBuildPhase;
			buildActionMask = 2147483647;
			files = (
				81AB9BB82411601600AC10FF /* LaunchScreen.storyboard in Resources */,
				13B07FBF1A68108700A75B9A /* Images.xcassets in Resources */,
				5AFA814F82444FE9BF0767B6 /* AntDesign.ttf in Resources */,
				FF887E83ECC84365A5693B9E /* Entypo.ttf in Resources */,
				A1E2419B8363487CA2FB44A2 /* EvilIcons.ttf in Resources */,
				4C5DBF54A30C4E1FBDF4DF7C /* Feather.ttf in Resources */,
				FDBA91D3AAC941CB8B174F42 /* FontAwesome.ttf in Resources */,
				89E3CDB9F2E34937A73ABA6F /* FontAwesome5_Brands.ttf in Resources */,
				7E2F3FBE0F344616A6F045A6 /* FontAwesome5_Regular.ttf in Resources */,
				C5C3AA63BACA4325ACDB69D3 /* FontAwesome5_Solid.ttf in Resources */,
				0453349CEC5C492F84890CF3 /* Fontisto.ttf in Resources */,
				1C43E16B287247DF9319AC5D /* Foundation.ttf in Resources */,
				BEF1C02E8B4C45E888C3FE0B /* Ionicons.ttf in Resources */,
				D8C35595439340448861BB6C /* MaterialCommunityIcons.ttf in Resources */,
				12CD222A95214F5D94DCA014 /* MaterialIcons.ttf in Resources */,
				F9741A8B0D6F48CC869C58F4 /* Octicons.ttf in Resources */,
				2B55B5269BAA41359FB1B52A /* SimpleLineIcons.ttf in Resources */,
				313E01F9BD224D2E8F80273F /* Zocial.ttf in Resources */,
				1321DDD56C6145DD949EB2DC /* Nunito-Bold.ttf in Resources */,
				2CD41ED8D1234FB491807B15 /* Nunito-Light.ttf in Resources */,
				B0288E96FE0340299D3134C7 /* Nunito-Regular.ttf in Resources */,
				109779EE56BC4C869D0FF6B0 /* Nunito-SemiBold.ttf in Resources */,
				526F8DB98D69407F93ABD1A7 /* NunitoSans-Bold.ttf in Resources */,
				2831E65A79BF4C9BBE4FD94A /* NunitoSans-Light.ttf in Resources */,
				8D62584BBD754EF7B20FB0FB /* NunitoSans-Regular.ttf in Resources */,
				7FB2AD0BC078408997F7BA80 /* NunitoSans-SemiBold.ttf in Resources */,
				2572F10689D940DDB1BE105B /* Roboto-Black.ttf in Resources */,
				E6865519A6BE4082AF474540 /* Roboto-BlackItalic.ttf in Resources */,
				8571509B2F144234A47B9C52 /* Roboto-Bold.ttf in Resources */,
				8B33FA24A03447F2BE62CF6E /* Roboto-BoldItalic.ttf in Resources */,
				470C2872A60A41C0A2AFBDFB /* Roboto-Italic.ttf in Resources */,
				7E7EC1718EFC4B35BB8087A8 /* Roboto-Light.ttf in Resources */,
				4C5367C7B15E4BC4BB7F8ABB /* Roboto-LightItalic.ttf in Resources */,
				DC7D6FF07DA7465BA254DE35 /* Roboto-Medium.ttf in Resources */,
				C383DD43F8424B3DBA35B9FB /* Roboto-MediumItalic.ttf in Resources */,
				1AA8D73FEBDA4C5299A3A2A0 /* Roboto-Regular.ttf in Resources */,
				9D81348A22624B76B977B5AD /* Roboto-Thin.ttf in Resources */,
				5658D8C6ADE7401C9D45CE53 /* Roboto-ThinItalic.ttf in Resources */,
			);
			runOnlyForDeploymentPostprocessing = 0;
		};
/* End PBXResourcesBuildPhase section */

/* Begin PBXShellScriptBuildPhase section */
		00DD1BFF1BD5951E006B06BC /* Bundle React Native code and images */ = {
			isa = PBXShellScriptBuildPhase;
			buildActionMask = 2147483647;
			files = (
			);
			inputPaths = (
			);
			name = "Bundle React Native code and images";
			outputPaths = (
			);
			runOnlyForDeploymentPostprocessing = 0;
			shellPath = /bin/sh;
			shellScript = "set -e\n\nexport NODE_BINARY=node\n../node_modules/react-native/scripts/react-native-xcode.sh\n";
		};
		FD10A7F022414F080027D42C /* Start Packager */ = {
			isa = PBXShellScriptBuildPhase;
			buildActionMask = 2147483647;
			files = (
			);
			inputFileListPaths = (
			);
			inputPaths = (
			);
			name = "Start Packager";
			outputFileListPaths = (
			);
			outputPaths = (
			);
			runOnlyForDeploymentPostprocessing = 0;
			shellPath = /bin/sh;
			shellScript = "export RCT_METRO_PORT=\"${RCT_METRO_PORT:=8081}\"\necho \"export RCT_METRO_PORT=${RCT_METRO_PORT}\" > \"${SRCROOT}/../node_modules/react-native/scripts/.packager.env\"\nif [ -z \"${RCT_NO_LAUNCH_PACKAGER+xxx}\" ] ; then\n  if nc -w 5 -z localhost ${RCT_METRO_PORT} ; then\n    if ! curl -s \"http://localhost:${RCT_METRO_PORT}/status\" | grep -q \"packager-status:running\" ; then\n      echo \"Port ${RCT_METRO_PORT} already in use, packager is either not running or not running correctly\"\n      exit 2\n    fi\n  else\n    open \"$SRCROOT/../node_modules/react-native/scripts/launchPackager.command\" || echo \"Can't start packager automatically\"\n  fi\nfi\n";
			showEnvVarsInLog = 0;
		};
/* End PBXShellScriptBuildPhase section */

/* Begin PBXSourcesBuildPhase section */
		00E356EA1AD99517003FC87E /* Sources */ = {
			isa = PBXSourcesBuildPhase;
			buildActionMask = 2147483647;
			files = (
				00E356F31AD99517003FC87E /* BreakingBad5DTests.m in Sources */,
			);
			runOnlyForDeploymentPostprocessing = 0;
		};
		13B07F871A680F5B00A75B9A /* Sources */ = {
			isa = PBXSourcesBuildPhase;
			buildActionMask = 2147483647;
			files = (
				13B07FBC1A68108700A75B9A /* AppDelegate.m in Sources */,
				13B07FC11A68108700A75B9A /* main.m in Sources */,
			);
			runOnlyForDeploymentPostprocessing = 0;
		};
/* End PBXSourcesBuildPhase section */

/* Begin PBXTargetDependency section */
		00E356F51AD99517003FC87E /* PBXTargetDependency */ = {
			isa = PBXTargetDependency;
			target = 13B07F861A680F5B00A75B9A /* BreakingBad5D */;
			targetProxy = 00E356F41AD99517003FC87E /* PBXContainerItemProxy */;
		};
/* End PBXTargetDependency section */

/* Begin XCBuildConfiguration section */
		00E356F61AD99517003FC87E /* Debug */ = {
			isa = XCBuildConfiguration;
			buildSettings = {
				BUNDLE_LOADER = "$(TEST_HOST)";
				GCC_PREPROCESSOR_DEFINITIONS = (
					"DEBUG=1",
					"$(inherited)",
				);
				INFOPLIST_FILE = BreakingBad5DTests/Info.plist;
				IPHONEOS_DEPLOYMENT_TARGET = 11.0;
				LD_RUNPATH_SEARCH_PATHS = (
					"$(inherited)",
					"@executable_path/Frameworks",
					"@loader_path/Frameworks",
				);
				OTHER_LDFLAGS = (
					"-ObjC",
					"-lc++",
					"$(inherited)",
				);
				PRODUCT_BUNDLE_IDENTIFIER = "org.reactjs.native.example.$(PRODUCT_NAME:rfc1034identifier)";
				PRODUCT_NAME = "$(TARGET_NAME)";
				TEST_HOST = "$(BUILT_PRODUCTS_DIR)/BreakingBad5D.app/BreakingBad5D";
			};
			name = Debug;
		};
		00E356F71AD99517003FC87E /* Release */ = {
			isa = XCBuildConfiguration;
			buildSettings = {
				BUNDLE_LOADER = "$(TEST_HOST)";
				COPY_PHASE_STRIP = NO;
				INFOPLIST_FILE = BreakingBad5DTests/Info.plist;
				IPHONEOS_DEPLOYMENT_TARGET = 11.0;
				LD_RUNPATH_SEARCH_PATHS = (
					"$(inherited)",
					"@executable_path/Frameworks",
					"@loader_path/Frameworks",
				);
				OTHER_LDFLAGS = (
					"-ObjC",
					"-lc++",
					"$(inherited)",
				);
				PRODUCT_BUNDLE_IDENTIFIER = "org.reactjs.native.example.$(PRODUCT_NAME:rfc1034identifier)";
				PRODUCT_NAME = "$(TARGET_NAME)";
				TEST_HOST = "$(BUILT_PRODUCTS_DIR)/BreakingBad5D.app/BreakingBad5D";
			};
			name = Release;
		};
		13B07F941A680F5B00A75B9A /* Debug */ = {
			isa = XCBuildConfiguration;
			buildSettings = {
				ASSETCATALOG_COMPILER_APPICON_NAME = AppIcon;
				CLANG_ENABLE_MODULES = YES;
				CURRENT_PROJECT_VERSION = 1;
				ENABLE_BITCODE = NO;
				INFOPLIST_FILE = BreakingBad5D/Info.plist;
				LD_RUNPATH_SEARCH_PATHS = (
					"$(inherited)",
					"@executable_path/Frameworks",
				);
				OTHER_LDFLAGS = (
					"$(inherited)",
					"-ObjC",
					"-lc++",
				);
				PRODUCT_BUNDLE_IDENTIFIER = "org.reactjs.native.example.$(PRODUCT_NAME:rfc1034identifier)";
				PRODUCT_NAME = BreakingBad5D;
				SWIFT_OPTIMIZATION_LEVEL = "-Onone";
				SWIFT_VERSION = 5.0;
				VERSIONING_SYSTEM = "apple-generic";
			};
			name = Debug;
		};
		13B07F951A680F5B00A75B9A /* Release */ = {
			isa = XCBuildConfiguration;
			buildSettings = {
				ASSETCATALOG_COMPILER_APPICON_NAME = AppIcon;
				CLANG_ENABLE_MODULES = YES;
				CURRENT_PROJECT_VERSION = 1;
				INFOPLIST_FILE = BreakingBad5D/Info.plist;
				LD_RUNPATH_SEARCH_PATHS = (
					"$(inherited)",
					"@executable_path/Frameworks",
				);
				OTHER_LDFLAGS = (
					"$(inherited)",
					"-ObjC",
					"-lc++",
				);
				PRODUCT_BUNDLE_IDENTIFIER = "org.reactjs.native.example.$(PRODUCT_NAME:rfc1034identifier)";
				PRODUCT_NAME = BreakingBad5D;
				SWIFT_VERSION = 5.0;
				VERSIONING_SYSTEM = "apple-generic";
			};
			name = Release;
		};
		83CBBA201A601CBA00E9B192 /* Debug */ = {
			isa = XCBuildConfiguration;
			buildSettings = {
				ALWAYS_SEARCH_USER_PATHS = NO;
				CLANG_ANALYZER_LOCALIZABILITY_NONLOCALIZED = YES;
				CLANG_CXX_LANGUAGE_STANDARD = "gnu++0x";
				CLANG_CXX_LIBRARY = "libc++";
				CLANG_ENABLE_MODULES = YES;
				CLANG_ENABLE_OBJC_ARC = YES;
				CLANG_WARN_BLOCK_CAPTURE_AUTORELEASING = YES;
				CLANG_WARN_BOOL_CONVERSION = YES;
				CLANG_WARN_COMMA = YES;
				CLANG_WARN_CONSTANT_CONVERSION = YES;
				CLANG_WARN_DEPRECATED_OBJC_IMPLEMENTATIONS = YES;
				CLANG_WARN_DIRECT_OBJC_ISA_USAGE = YES_ERROR;
				CLANG_WARN_EMPTY_BODY = YES;
				CLANG_WARN_ENUM_CONVERSION = YES;
				CLANG_WARN_INFINITE_RECURSION = YES;
				CLANG_WARN_INT_CONVERSION = YES;
				CLANG_WARN_NON_LITERAL_NULL_CONVERSION = YES;
				CLANG_WARN_OBJC_IMPLICIT_RETAIN_SELF = YES;
				CLANG_WARN_OBJC_LITERAL_CONVERSION = YES;
				CLANG_WARN_OBJC_ROOT_CLASS = YES_ERROR;
				CLANG_WARN_QUOTED_INCLUDE_IN_FRAMEWORK_HEADER = YES;
				CLANG_WARN_RANGE_LOOP_ANALYSIS = YES;
				CLANG_WARN_STRICT_PROTOTYPES = YES;
				CLANG_WARN_SUSPICIOUS_MOVE = YES;
				CLANG_WARN_UNREACHABLE_CODE = YES;
				CLANG_WARN__DUPLICATE_METHOD_MATCH = YES;
				"CODE_SIGN_IDENTITY[sdk=iphoneos*]" = "iPhone Developer";
				COPY_PHASE_STRIP = NO;
				ENABLE_STRICT_OBJC_MSGSEND = YES;
				ENABLE_TESTABILITY = YES;
				GCC_C_LANGUAGE_STANDARD = gnu99;
				GCC_DYNAMIC_NO_PIC = NO;
				GCC_NO_COMMON_BLOCKS = YES;
				GCC_OPTIMIZATION_LEVEL = 0;
				GCC_PREPROCESSOR_DEFINITIONS = (
					"DEBUG=1",
					"$(inherited)",
				);
				GCC_SYMBOLS_PRIVATE_EXTERN = NO;
				GCC_WARN_64_TO_32_BIT_CONVERSION = YES;
				GCC_WARN_ABOUT_RETURN_TYPE = YES_ERROR;
				GCC_WARN_UNDECLARED_SELECTOR = YES;
				GCC_WARN_UNINITIALIZED_AUTOS = YES_AGGRESSIVE;
				GCC_WARN_UNUSED_FUNCTION = YES;
				GCC_WARN_UNUSED_VARIABLE = YES;
				IPHONEOS_DEPLOYMENT_TARGET = 11.0;
				LD_RUNPATH_SEARCH_PATHS = (
					/usr/lib/swift,
					"$(inherited)",
				);
				LIBRARY_SEARCH_PATHS = (
					"\"$(SDKROOT)/usr/lib/swift\"",
					"\"$(TOOLCHAIN_DIR)/usr/lib/swift/$(PLATFORM_NAME)\"",
					"\"$(TOOLCHAIN_DIR)/usr/lib/swift-5.0/$(PLATFORM_NAME)\"",
					"\"$(inherited)\"",
				);
				MTL_ENABLE_DEBUG_INFO = YES;
				ONLY_ACTIVE_ARCH = YES;
				SDKROOT = iphoneos;
			};
			name = Debug;
		};
		83CBBA211A601CBA00E9B192 /* Release */ = {
			isa = XCBuildConfiguration;
			buildSettings = {
				ALWAYS_SEARCH_USER_PATHS = NO;
				CLANG_ANALYZER_LOCALIZABILITY_NONLOCALIZED = YES;
				CLANG_CXX_LANGUAGE_STANDARD = "gnu++0x";
				CLANG_CXX_LIBRARY = "libc++";
				CLANG_ENABLE_MODULES = YES;
				CLANG_ENABLE_OBJC_ARC = YES;
				CLANG_WARN_BLOCK_CAPTURE_AUTORELEASING = YES;
				CLANG_WARN_BOOL_CONVERSION = YES;
				CLANG_WARN_COMMA = YES;
				CLANG_WARN_CONSTANT_CONVERSION = YES;
				CLANG_WARN_DEPRECATED_OBJC_IMPLEMENTATIONS = YES;
				CLANG_WARN_DIRECT_OBJC_ISA_USAGE = YES_ERROR;
				CLANG_WARN_EMPTY_BODY = YES;
				CLANG_WARN_ENUM_CONVERSION = YES;
				CLANG_WARN_INFINITE_RECURSION = YES;
				CLANG_WARN_INT_CONVERSION = YES;
				CLANG_WARN_NON_LITERAL_NULL_CONVERSION = YES;
				CLANG_WARN_OBJC_IMPLICIT_RETAIN_SELF = YES;
				CLANG_WARN_OBJC_LITERAL_CONVERSION = YES;
				CLANG_WARN_OBJC_ROOT_CLASS = YES_ERROR;
				CLANG_WARN_QUOTED_INCLUDE_IN_FRAMEWORK_HEADER = YES;
				CLANG_WARN_RANGE_LOOP_ANALYSIS = YES;
				CLANG_WARN_STRICT_PROTOTYPES = YES;
				CLANG_WARN_SUSPICIOUS_MOVE = YES;
				CLANG_WARN_UNREACHABLE_CODE = YES;
				CLANG_WARN__DUPLICATE_METHOD_MATCH = YES;
				"CODE_SIGN_IDENTITY[sdk=iphoneos*]" = "iPhone Developer";
				COPY_PHASE_STRIP = YES;
				ENABLE_NS_ASSERTIONS = NO;
				ENABLE_STRICT_OBJC_MSGSEND = YES;
				GCC_C_LANGUAGE_STANDARD = gnu99;
				GCC_NO_COMMON_BLOCKS = YES;
				GCC_WARN_64_TO_32_BIT_CONVERSION = YES;
				GCC_WARN_ABOUT_RETURN_TYPE = YES_ERROR;
				GCC_WARN_UNDECLARED_SELECTOR = YES;
				GCC_WARN_UNINITIALIZED_AUTOS = YES_AGGRESSIVE;
				GCC_WARN_UNUSED_FUNCTION = YES;
				GCC_WARN_UNUSED_VARIABLE = YES;
				IPHONEOS_DEPLOYMENT_TARGET = 11.0;
				LD_RUNPATH_SEARCH_PATHS = (
					/usr/lib/swift,
					"$(inherited)",
				);
				LIBRARY_SEARCH_PATHS = (
					"\"$(SDKROOT)/usr/lib/swift\"",
					"\"$(TOOLCHAIN_DIR)/usr/lib/swift/$(PLATFORM_NAME)\"",
					"\"$(TOOLCHAIN_DIR)/usr/lib/swift-5.0/$(PLATFORM_NAME)\"",
					"\"$(inherited)\"",
				);
				MTL_ENABLE_DEBUG_INFO = NO;
				SDKROOT = iphoneos;
				VALIDATE_PRODUCT = YES;
			};
			name = Release;
		};
/* End XCBuildConfiguration section */

/* Begin XCConfigurationList section */
		00E357021AD99517003FC87E /* Build configuration list for PBXNativeTarget "BreakingBad5DTests" */ = {
			isa = XCConfigurationList;
			buildConfigurations = (
				00E356F61AD99517003FC87E /* Debug */,
				00E356F71AD99517003FC87E /* Release */,
			);
			defaultConfigurationIsVisible = 0;
			defaultConfigurationName = Release;
		};
		13B07F931A680F5B00A75B9A /* Build configuration list for PBXNativeTarget "BreakingBad5D" */ = {
			isa = XCConfigurationList;
			buildConfigurations = (
				13B07F941A680F5B00A75B9A /* Debug */,
				13B07F951A680F5B00A75B9A /* Release */,
			);
			defaultConfigurationIsVisible = 0;
			defaultConfigurationName = Release;
		};
		83CBB9FA1A601CBA00E9B192 /* Build configuration list for PBXProject "BreakingBad5D" */ = {
			isa = XCConfigurationList;
			buildConfigurations = (
				83CBBA201A601CBA00E9B192 /* Debug */,
				83CBBA211A601CBA00E9B192 /* Release */,
			);
			defaultConfigurationIsVisible = 0;
			defaultConfigurationName = Release;
		};
/* End XCConfigurationList section */
	};
	rootObject = 83CBB9F71A601CBA00E9B192 /* Project object */;
}
